
Microsoft Visual Studio Solution File, Format Version 12.00
Project("{FAE04EC0-301F-11D3-BF4B-00C04F79EFBC}") = "Game1", "Game1.csproj", "{c825dec3-c358-41d2-a150-e2800cd60a5b}"
EndProject
Global
	GlobalSection(SolutionConfigurationPlatforms) = preSolution
		Debug|x64 = Debug|x64
	EndGlobalSection
	GlobalSection(ProjectConfigurationPlatforms) = postSolution
		{c825dec3-c358-41d2-a150-e2800cd60a5b}.Debug|x64.ActiveCfg = Debug|x64
		{c825dec3-c358-41d2-a150-e2800cd60a5b}.Debug|x64.Build.0 = Debug|x64
	EndGlobalSection
	GlobalSection(SolutionProperties) = preSolution
    	HideSolutionNode = FALSE
    EndGlobalSection
EndGlobal
