
Microsoft Visual Studio Solution File, Format Version 12.00
Project("{FAE04EC0-301F-11D3-BF4B-00C04F79EFBC}") = "SharpDXRunnerGame", "SharpDXRunnerGame.csproj", "{62f5968b-d617-4a16-b885-186e25ce1745}"
EndProject
Global
	GlobalSection(SolutionConfigurationPlatforms) = preSolution
		Debug|x64 = Debug|x64
	EndGlobalSection
	GlobalSection(ProjectConfigurationPlatforms) = postSolution
		{62f5968b-d617-4a16-b885-186e25ce1745}.Debug|x64.ActiveCfg = Debug|x64
		{62f5968b-d617-4a16-b885-186e25ce1745}.Debug|x64.Build.0 = Debug|x64
	EndGlobalSection
	GlobalSection(SolutionProperties) = preSolution
    	HideSolutionNode = FALSE
    EndGlobalSection
EndGlobal
